
Microsoft Visual Studio Solution File, Format Version 12.00
# Visual Studio Version 16
VisualStudioVersion = 16.0.30320.27
MinimumVisualStudioVersion = 10.0.40219.1
Project("{FAE04EC0-301F-11D3-BF4B-00C04F79EFBC}") = "VRCSDK2", "VRCSDK2\VRCSDK2.csproj", "{42B4ECC3-E46A-45FE-B8E9-1311FDBBEEA1}"
EndProject
Project("{FAE04EC0-301F-11D3-BF4B-00C04F79EFBC}") = "VRCCore-Editor", "VRCCore-Editor\VRCCore-Editor.csproj", "{20C4F482-F51D-494B-AB4E-2D182F709BAC}"
EndProject
Global
	GlobalSection(SolutionConfigurationPlatforms) = preSolution
		Debug|Any CPU = Debug|Any CPU
		Release|Any CPU = Release|Any CPU
	EndGlobalSection
	GlobalSection(ProjectConfigurationPlatforms) = postSolution
		{42B4ECC3-E46A-45FE-B8E9-1311FDBBEEA1}.Debug|Any CPU.ActiveCfg = Debug|Any CPU
		{42B4ECC3-E46A-45FE-B8E9-1311FDBBEEA1}.Debug|Any CPU.Build.0 = Debug|Any CPU
		{42B4ECC3-E46A-45FE-B8E9-1311FDBBEEA1}.Release|Any CPU.ActiveCfg = Release|Any CPU
		{42B4ECC3-E46A-45FE-B8E9-1311FDBBEEA1}.Release|Any CPU.Build.0 = Release|Any CPU
		{20C4F482-F51D-494B-AB4E-2D182F709BAC}.Debug|Any CPU.ActiveCfg = Debug|Any CPU
		{20C4F482-F51D-494B-AB4E-2D182F709BAC}.Debug|Any CPU.Build.0 = Debug|Any CPU
		{20C4F482-F51D-494B-AB4E-2D182F709BAC}.Release|Any CPU.ActiveCfg = Release|Any CPU
		{20C4F482-F51D-494B-AB4E-2D182F709BAC}.Release|Any CPU.Build.0 = Release|Any CPU
	EndGlobalSection
	GlobalSection(SolutionProperties) = preSolution
		HideSolutionNode = FALSE
	EndGlobalSection
	GlobalSection(ExtensibilityGlobals) = postSolution
		SolutionGuid = {CD379DE8-9C32-4A97-8A1E-D2E70983A949}
	EndGlobalSection
EndGlobal
